
Microsoft Visual Studio Solution File, Format Version 12.00
# Visual Studio Version 17
VisualStudioVersion = 17.5.33530.505
MinimumVisualStudioVersion = 10.0.40219.1
Project("{2150E333-8FDC-42A3-9474-1A3956D46DE8}") = "Data", "Data", "{1AC5F50F-62FE-41B4-8CE0-9F218C599AAF}"
EndProject
Project("{2150E333-8FDC-42A3-9474-1A3956D46DE8}") = "Logic", "Logic", "{A7DC04D2-99AD-4F53-A9FA-899F6CF0E44E}"
EndProject
Project("{2150E333-8FDC-42A3-9474-1A3956D46DE8}") = "Presantation", "Presantation", "{A7A0DE4D-C5C6-4D69-939B-A26C417BE3C3}"
EndProject
Project("{9A19103F-16F7-4668-BE54-9A1E7A4F7556}") = "AutomatizationDocs.Data", "AutomatizationDocs.Data\AutomatizationDocs.Data.csproj", "{407D053E-135F-44B7-AF4F-696FA942461C}"
EndProject
Project("{FAE04EC0-301F-11D3-BF4B-00C04F79EFBC}") = "AutomatizationDocs.Logic", "AutomatizationDocs.Logic\AutomatizationDocs.Logic.csproj", "{CE697CDE-BE20-4E9A-83CD-F3C9ED8BCDF8}"
EndProject
Project("{FAE04EC0-301F-11D3-BF4B-00C04F79EFBC}") = "AutomatizationDocs.MVC", "AutomatizationDocs.MVC\AutomatizationDocs.MVC.csproj", "{CFBDEE86-6647-43CC-B5B7-A4CBBF3A15BA}"
EndProject
Global
	GlobalSection(SolutionConfigurationPlatforms) = preSolution
		Debug|Any CPU = Debug|Any CPU
		Release|Any CPU = Release|Any CPU
	EndGlobalSection
	GlobalSection(ProjectConfigurationPlatforms) = postSolution
		{407D053E-135F-44B7-AF4F-696FA942461C}.Debug|Any CPU.ActiveCfg = Debug|Any CPU
		{407D053E-135F-44B7-AF4F-696FA942461C}.Debug|Any CPU.Build.0 = Debug|Any CPU
		{407D053E-135F-44B7-AF4F-696FA942461C}.Release|Any CPU.ActiveCfg = Release|Any CPU
		{407D053E-135F-44B7-AF4F-696FA942461C}.Release|Any CPU.Build.0 = Release|Any CPU
		{CE697CDE-BE20-4E9A-83CD-F3C9ED8BCDF8}.Debug|Any CPU.ActiveCfg = Debug|Any CPU
		{CE697CDE-BE20-4E9A-83CD-F3C9ED8BCDF8}.Debug|Any CPU.Build.0 = Debug|Any CPU
		{CE697CDE-BE20-4E9A-83CD-F3C9ED8BCDF8}.Release|Any CPU.ActiveCfg = Release|Any CPU
		{CE697CDE-BE20-4E9A-83CD-F3C9ED8BCDF8}.Release|Any CPU.Build.0 = Release|Any CPU
		{CFBDEE86-6647-43CC-B5B7-A4CBBF3A15BA}.Debug|Any CPU.ActiveCfg = Debug|Any CPU
		{CFBDEE86-6647-43CC-B5B7-A4CBBF3A15BA}.Debug|Any CPU.Build.0 = Debug|Any CPU
		{CFBDEE86-6647-43CC-B5B7-A4CBBF3A15BA}.Release|Any CPU.ActiveCfg = Release|Any CPU
		{CFBDEE86-6647-43CC-B5B7-A4CBBF3A15BA}.Release|Any CPU.Build.0 = Release|Any CPU
	EndGlobalSection
	GlobalSection(SolutionProperties) = preSolution
		HideSolutionNode = FALSE
	EndGlobalSection
	GlobalSection(NestedProjects) = preSolution
		{407D053E-135F-44B7-AF4F-696FA942461C} = {1AC5F50F-62FE-41B4-8CE0-9F218C599AAF}
		{CE697CDE-BE20-4E9A-83CD-F3C9ED8BCDF8} = {A7DC04D2-99AD-4F53-A9FA-899F6CF0E44E}
		{CFBDEE86-6647-43CC-B5B7-A4CBBF3A15BA} = {A7A0DE4D-C5C6-4D69-939B-A26C417BE3C3}
	EndGlobalSection
	GlobalSection(ExtensibilityGlobals) = postSolution
		SolutionGuid = {FF8C9B57-EB17-4D86-8AD0-F977BDC80DF9}
	EndGlobalSection
EndGlobal
